// !$*UTF8*$!
{
	archiveVersion = 1;
	classes = {
	};
	objectVersion = 56;
	objects = {

/* Begin PBXBuildFile section */
		E6565EF9292F258F00BD555D /* MonthTableViewCell.swift in Sources */ = {isa = PBXBuildFile; fileRef = E6565EF8292F258F00BD555D /* MonthTableViewCell.swift */; };
		E6565EFB292F27E900BD555D /* LabelTableViewCell.swift in Sources */ = {isa = PBXBuildFile; fileRef = E6565EFA292F27E900BD555D /* LabelTableViewCell.swift */; };
		E6565EFE292F284400BD555D /* LabelTableHeaderView.swift in Sources */ = {isa = PBXBuildFile; fileRef = E6565EFD292F284400BD555D /* LabelTableHeaderView.swift */; };
		E6565F00292F2F2E00BD555D /* SizingCollectionView.swift in Sources */ = {isa = PBXBuildFile; fileRef = E6565EFF292F2F2E00BD555D /* SizingCollectionView.swift */; };
		E685B2A2292C951B006BC5BD /* NavigationController.swift in Sources */ = {isa = PBXBuildFile; fileRef = E685B2A1292C951B006BC5BD /* NavigationController.swift */; };
		E685B2A4292C966E006BC5BD /* MonthCollectionView.swift in Sources */ = {isa = PBXBuildFile; fileRef = E685B2A3292C966E006BC5BD /* MonthCollectionView.swift */; };
		E685B2A7292CA442006BC5BD /* MonthsViewController.swift in Sources */ = {isa = PBXBuildFile; fileRef = E685B2A6292CA442006BC5BD /* MonthsViewController.swift */; };
		E685B2AA292CC09E006BC5BD /* DateExtension.swift in Sources */ = {isa = PBXBuildFile; fileRef = E685B2A9292CC09E006BC5BD /* DateExtension.swift */; };
		E685B2AD292CC470006BC5BD /* DataSource.swift in Sources */ = {isa = PBXBuildFile; fileRef = E685B2AC292CC470006BC5BD /* DataSource.swift */; };
		E685B2AF292CD398006BC5BD /* MonthItemCollectionCell.swift in Sources */ = {isa = PBXBuildFile; fileRef = E685B2AE292CD398006BC5BD /* MonthItemCollectionCell.swift */; };
		E685B2B1292DE60A006BC5BD /* ColorExtension.swift in Sources */ = {isa = PBXBuildFile; fileRef = E685B2B0292DE60A006BC5BD /* ColorExtension.swift */; };
		E6CB61B2292B82020097D928 /* AppDelegate.swift in Sources */ = {isa = PBXBuildFile; fileRef = E6CB61B1292B82020097D928 /* AppDelegate.swift */; };
		E6CB61B4292B82020097D928 /* SceneDelegate.swift in Sources */ = {isa = PBXBuildFile; fileRef = E6CB61B3292B82020097D928 /* SceneDelegate.swift */; };
		E6CB61B6292B82020097D928 /* YearsViewController.swift in Sources */ = {isa = PBXBuildFile; fileRef = E6CB61B5292B82020097D928 /* YearsViewController.swift */; };
		E6CB61BB292B82030097D928 /* Assets.xcassets in Resources */ = {isa = PBXBuildFile; fileRef = E6CB61BA292B82030097D928 /* Assets.xcassets */; };
		E6CB61BE292B82030097D928 /* LaunchScreen.storyboard in Resources */ = {isa = PBXBuildFile; fileRef = E6CB61BC292B82030097D928 /* LaunchScreen.storyboard */; };
		E6CB61C9292B83150097D928 /* Anchorage in Frameworks */ = {isa = PBXBuildFile; productRef = E6CB61C8292B83150097D928 /* Anchorage */; };
		E6CB61CB292B856B0097D928 /* LabelCollectionCell.swift in Sources */ = {isa = PBXBuildFile; fileRef = E6CB61CA292B856B0097D928 /* LabelCollectionCell.swift */; };
		E6CB61D1292B8DFC0097D928 /* CalendarHeaderCollectionView.swift in Sources */ = {isa = PBXBuildFile; fileRef = E6CB61D0292B8DFC0097D928 /* CalendarHeaderCollectionView.swift */; };
/* End PBXBuildFile section */

/* Begin PBXFileReference section */
		E6565EF8292F258F00BD555D /* MonthTableViewCell.swift */ = {isa = PBXFileReference; lastKnownFileType = sourcecode.swift; path = MonthTableViewCell.swift; sourceTree = "<group>"; };
		E6565EFA292F27E900BD555D /* LabelTableViewCell.swift */ = {isa = PBXFileReference; lastKnownFileType = sourcecode.swift; path = LabelTableViewCell.swift; sourceTree = "<group>"; };
		E6565EFD292F284400BD555D /* LabelTableHeaderView.swift */ = {isa = PBXFileReference; lastKnownFileType = sourcecode.swift; path = LabelTableHeaderView.swift; sourceTree = "<group>"; };
		E6565EFF292F2F2E00BD555D /* SizingCollectionView.swift */ = {isa = PBXFileReference; lastKnownFileType = sourcecode.swift; path = SizingCollectionView.swift; sourceTree = "<group>"; };
		E685B2A1292C951B006BC5BD /* NavigationController.swift */ = {isa = PBXFileReference; lastKnownFileType = sourcecode.swift; path = NavigationController.swift; sourceTree = "<group>"; };
		E685B2A3292C966E006BC5BD /* MonthCollectionView.swift */ = {isa = PBXFileReference; lastKnownFileType = sourcecode.swift; path = MonthCollectionView.swift; sourceTree = "<group>"; };
		E685B2A6292CA442006BC5BD /* MonthsViewController.swift */ = {isa = PBXFileReference; lastKnownFileType = sourcecode.swift; path = MonthsViewController.swift; sourceTree = "<group>"; };
		E685B2A9292CC09E006BC5BD /* DateExtension.swift */ = {isa = PBXFileReference; lastKnownFileType = sourcecode.swift; path = DateExtension.swift; sourceTree = "<group>"; };
		E685B2AC292CC470006BC5BD /* DataSource.swift */ = {isa = PBXFileReference; lastKnownFileType = sourcecode.swift; path = DataSource.swift; sourceTree = "<group>"; };
		E685B2AE292CD398006BC5BD /* MonthItemCollectionCell.swift */ = {isa = PBXFileReference; lastKnownFileType = sourcecode.swift; path = MonthItemCollectionCell.swift; sourceTree = "<group>"; };
		E685B2B0292DE60A006BC5BD /* ColorExtension.swift */ = {isa = PBXFileReference; lastKnownFileType = sourcecode.swift; path = ColorExtension.swift; sourceTree = "<group>"; };
		E6CB61AE292B82020097D928 /* AppleCalendar.app */ = {isa = PBXFileReference; explicitFileType = wrapper.application; includeInIndex = 0; path = AppleCalendar.app; sourceTree = BUILT_PRODUCTS_DIR; };
		E6CB61B1292B82020097D928 /* AppDelegate.swift */ = {isa = PBXFileReference; lastKnownFileType = sourcecode.swift; path = AppDelegate.swift; sourceTree = "<group>"; };
		E6CB61B3292B82020097D928 /* SceneDelegate.swift */ = {isa = PBXFileReference; lastKnownFileType = sourcecode.swift; path = SceneDelegate.swift; sourceTree = "<group>"; };
		E6CB61B5292B82020097D928 /* YearsViewController.swift */ = {isa = PBXFileReference; lastKnownFileType = sourcecode.swift; path = YearsViewController.swift; sourceTree = "<group>"; };
		E6CB61BA292B82030097D928 /* Assets.xcassets */ = {isa = PBXFileReference; lastKnownFileType = folder.assetcatalog; path = Assets.xcassets; sourceTree = "<group>"; };
		E6CB61BD292B82030097D928 /* Base */ = {isa = PBXFileReference; lastKnownFileType = file.storyboard; name = Base; path = Base.lproj/LaunchScreen.storyboard; sourceTree = "<group>"; };
		E6CB61BF292B82030097D928 /* Info.plist */ = {isa = PBXFileReference; lastKnownFileType = text.plist.xml; path = Info.plist; sourceTree = "<group>"; };
		E6CB61CA292B856B0097D928 /* LabelCollectionCell.swift */ = {isa = PBXFileReference; lastKnownFileType = sourcecode.swift; path = LabelCollectionCell.swift; sourceTree = "<group>"; };
		E6CB61D0292B8DFC0097D928 /* CalendarHeaderCollectionView.swift */ = {isa = PBXFileReference; lastKnownFileType = sourcecode.swift; path = CalendarHeaderCollectionView.swift; sourceTree = "<group>"; };
/* End PBXFileReference section */

/* Begin PBXFrameworksBuildPhase section */
		E6CB61AB292B82020097D928 /* Frameworks */ = {
			isa = PBXFrameworksBuildPhase;
			buildActionMask = 2147483647;
			files = (
				E6CB61C9292B83150097D928 /* Anchorage in Frameworks */,
			);
			runOnlyForDeploymentPostprocessing = 0;
		};
/* End PBXFrameworksBuildPhase section */

/* Begin PBXGroup section */
		E6565EFC292F283000BD555D /* Subviews */ = {
			isa = PBXGroup;
			children = (
				E685B2A3292C966E006BC5BD /* MonthCollectionView.swift */,
				E6565EF8292F258F00BD555D /* MonthTableViewCell.swift */,
				E6565EFA292F27E900BD555D /* LabelTableViewCell.swift */,
				E6565EFD292F284400BD555D /* LabelTableHeaderView.swift */,
			);
			path = Subviews;
			sourceTree = "<group>";
		};
		E685B2A5292CA437006BC5BD /* Months */ = {
			isa = PBXGroup;
			children = (
				E6565EFC292F283000BD555D /* Subviews */,
				E685B2A6292CA442006BC5BD /* MonthsViewController.swift */,
			);
			path = Months;
			sourceTree = "<group>";
		};
		E685B2A8292CC092006BC5BD /* Helpers */ = {
			isa = PBXGroup;
			children = (
				E685B2A9292CC09E006BC5BD /* DateExtension.swift */,
				E685B2B0292DE60A006BC5BD /* ColorExtension.swift */,
				E6565EFF292F2F2E00BD555D /* SizingCollectionView.swift */,
			);
			path = Helpers;
			sourceTree = "<group>";
		};
		E685B2AB292CC44B006BC5BD /* DataSource */ = {
			isa = PBXGroup;
			children = (
				E685B2AC292CC470006BC5BD /* DataSource.swift */,
			);
			path = DataSource;
			sourceTree = "<group>";
		};
		E6CB61A5292B82020097D928 = {
			isa = PBXGroup;
			children = (
				E6CB61B0292B82020097D928 /* AppleCalendar */,
				E6CB61AF292B82020097D928 /* Products */,
			);
			sourceTree = "<group>";
		};
		E6CB61AF292B82020097D928 /* Products */ = {
			isa = PBXGroup;
			children = (
				E6CB61AE292B82020097D928 /* AppleCalendar.app */,
			);
			name = Products;
			sourceTree = "<group>";
		};
		E6CB61B0292B82020097D928 /* AppleCalendar */ = {
			isa = PBXGroup;
			children = (
				E685B2AB292CC44B006BC5BD /* DataSource */,
				E685B2A8292CC092006BC5BD /* Helpers */,
				E6CB61CC292B8DD30097D928 /* Scenes */,
				E6CB61B1292B82020097D928 /* AppDelegate.swift */,
				E6CB61B3292B82020097D928 /* SceneDelegate.swift */,
				E685B2A1292C951B006BC5BD /* NavigationController.swift */,
				E6CB61BA292B82030097D928 /* Assets.xcassets */,
				E6CB61BC292B82030097D928 /* LaunchScreen.storyboard */,
				E6CB61BF292B82030097D928 /* Info.plist */,
			);
			path = AppleCalendar;
			sourceTree = "<group>";
		};
		E6CB61CC292B8DD30097D928 /* Scenes */ = {
			isa = PBXGroup;
			children = (
				E685B2A5292CA437006BC5BD /* Months */,
				E6CB61CF292B8DE60097D928 /* Years */,
			);
			path = Scenes;
			sourceTree = "<group>";
		};
		E6CB61CF292B8DE60097D928 /* Years */ = {
			isa = PBXGroup;
			children = (
				E6CB61CA292B856B0097D928 /* LabelCollectionCell.swift */,
				E6CB61B5292B82020097D928 /* YearsViewController.swift */,
				E6CB61D0292B8DFC0097D928 /* CalendarHeaderCollectionView.swift */,
				E685B2AE292CD398006BC5BD /* MonthItemCollectionCell.swift */,
			);
			path = Years;
			sourceTree = "<group>";
		};
/* End PBXGroup section */

/* Begin PBXNativeTarget section */
		E6CB61AD292B82020097D928 /* AppleCalendar */ = {
			isa = PBXNativeTarget;
			buildConfigurationList = E6CB61C2292B82030097D928 /* Build configuration list for PBXNativeTarget "AppleCalendar" */;
			buildPhases = (
				E6CB61AA292B82020097D928 /* Sources */,
				E6CB61AB292B82020097D928 /* Frameworks */,
				E6CB61AC292B82020097D928 /* Resources */,
			);
			buildRules = (
			);
			dependencies = (
			);
			name = AppleCalendar;
			packageProductDependencies = (
				E6CB61C8292B83150097D928 /* Anchorage */,
			);
			productName = AppleCalendar;
			productReference = E6CB61AE292B82020097D928 /* AppleCalendar.app */;
			productType = "com.apple.product-type.application";
		};
/* End PBXNativeTarget section */

/* Begin PBXProject section */
		E6CB61A6292B82020097D928 /* Project object */ = {
			isa = PBXProject;
			attributes = {
				BuildIndependentTargetsInParallel = 1;
				LastSwiftUpdateCheck = 1410;
				LastUpgradeCheck = 1410;
				TargetAttributes = {
					E6CB61AD292B82020097D928 = {
						CreatedOnToolsVersion = 14.1;
					};
				};
			};
			buildConfigurationList = E6CB61A9292B82020097D928 /* Build configuration list for PBXProject "AppleCalendar" */;
			compatibilityVersion = "Xcode 14.0";
			developmentRegion = en;
			hasScannedForEncodings = 0;
			knownRegions = (
				en,
				Base,
			);
			mainGroup = E6CB61A5292B82020097D928;
			packageReferences = (
				E6CB61C7292B83150097D928 /* XCRemoteSwiftPackageReference "Anchorage" */,
			);
			productRefGroup = E6CB61AF292B82020097D928 /* Products */;
			projectDirPath = "";
			projectRoot = "";
			targets = (
				E6CB61AD292B82020097D928 /* AppleCalendar */,
			);
		};
/* End PBXProject section */

/* Begin PBXResourcesBuildPhase section */
		E6CB61AC292B82020097D928 /* Resources */ = {
			isa = PBXResourcesBuildPhase;
			buildActionMask = 2147483647;
			files = (
				E6CB61BE292B82030097D928 /* LaunchScreen.storyboard in Resources */,
				E6CB61BB292B82030097D928 /* Assets.xcassets in Resources */,
			);
			runOnlyForDeploymentPostprocessing = 0;
		};
/* End PBXResourcesBuildPhase section */

/* Begin PBXSourcesBuildPhase section */
		E6CB61AA292B82020097D928 /* Sources */ = {
			isa = PBXSourcesBuildPhase;
			buildActionMask = 2147483647;
			files = (
				E6565F00292F2F2E00BD555D /* SizingCollectionView.swift in Sources */,
				E685B2AA292CC09E006BC5BD /* DateExtension.swift in Sources */,
				E685B2A4292C966E006BC5BD /* MonthCollectionView.swift in Sources */,
				E6CB61D1292B8DFC0097D928 /* CalendarHeaderCollectionView.swift in Sources */,
				E6565EF9292F258F00BD555D /* MonthTableViewCell.swift in Sources */,
				E6565EFB292F27E900BD555D /* LabelTableViewCell.swift in Sources */,
				E685B2AD292CC470006BC5BD /* DataSource.swift in Sources */,
				E6CB61B6292B82020097D928 /* YearsViewController.swift in Sources */,
				E6CB61CB292B856B0097D928 /* LabelCollectionCell.swift in Sources */,
				E6CB61B2292B82020097D928 /* AppDelegate.swift in Sources */,
				E685B2A2292C951B006BC5BD /* NavigationController.swift in Sources */,
				E685B2AF292CD398006BC5BD /* MonthItemCollectionCell.swift in Sources */,
				E6CB61B4292B82020097D928 /* SceneDelegate.swift in Sources */,
				E685B2A7292CA442006BC5BD /* MonthsViewController.swift in Sources */,
				E685B2B1292DE60A006BC5BD /* ColorExtension.swift in Sources */,
				E6565EFE292F284400BD555D /* LabelTableHeaderView.swift in Sources */,
			);
			runOnlyForDeploymentPostprocessing = 0;
		};
/* End PBXSourcesBuildPhase section */

/* Begin PBXVariantGroup section */
		E6CB61BC292B82030097D928 /* LaunchScreen.storyboard */ = {
			isa = PBXVariantGroup;
			children = (
				E6CB61BD292B82030097D928 /* Base */,
			);
			name = LaunchScreen.storyboard;
			sourceTree = "<group>";
		};
/* End PBXVariantGroup section */

/* Begin XCBuildConfiguration section */
		E6CB61C0292B82030097D928 /* Debug */ = {
			isa = XCBuildConfiguration;
			buildSettings = {
				ALWAYS_SEARCH_USER_PATHS = NO;
				CLANG_ANALYZER_NONNULL = YES;
				CLANG_ANALYZER_NUMBER_OBJECT_CONVERSION = YES_AGGRESSIVE;
				CLANG_CXX_LANGUAGE_STANDARD = "gnu++20";
				CLANG_ENABLE_MODULES = YES;
				CLANG_ENABLE_OBJC_ARC = YES;
				CLANG_ENABLE_OBJC_WEAK = YES;
				CLANG_WARN_BLOCK_CAPTURE_AUTORELEASING = YES;
				CLANG_WARN_BOOL_CONVERSION = YES;
				CLANG_WARN_COMMA = YES;
				CLANG_WARN_CONSTANT_CONVERSION = YES;
				CLANG_WARN_DEPRECATED_OBJC_IMPLEMENTATIONS = YES;
				CLANG_WARN_DIRECT_OBJC_ISA_USAGE = YES_ERROR;
				CLANG_WARN_DOCUMENTATION_COMMENTS = YES;
				CLANG_WARN_EMPTY_BODY = YES;
				CLANG_WARN_ENUM_CONVERSION = YES;
				CLANG_WARN_INFINITE_RECURSION = YES;
				CLANG_WARN_INT_CONVERSION = YES;
				CLANG_WARN_NON_LITERAL_NULL_CONVERSION = YES;
				CLANG_WARN_OBJC_IMPLICIT_RETAIN_SELF = YES;
				CLANG_WARN_OBJC_LITERAL_CONVERSION = YES;
				CLANG_WARN_OBJC_ROOT_CLASS = YES_ERROR;
				CLANG_WARN_QUOTED_INCLUDE_IN_FRAMEWORK_HEADER = YES;
				CLANG_WARN_RANGE_LOOP_ANALYSIS = YES;
				CLANG_WARN_STRICT_PROTOTYPES = YES;
				CLANG_WARN_SUSPICIOUS_MOVE = YES;
				CLANG_WARN_UNGUARDED_AVAILABILITY = YES_AGGRESSIVE;
				CLANG_WARN_UNREACHABLE_CODE = YES;
				CLANG_WARN__DUPLICATE_METHOD_MATCH = YES;
				COPY_PHASE_STRIP = NO;
				DEBUG_INFORMATION_FORMAT = dwarf;
				ENABLE_STRICT_OBJC_MSGSEND = YES;
				ENABLE_TESTABILITY = YES;
				GCC_C_LANGUAGE_STANDARD = gnu11;
				GCC_DYNAMIC_NO_PIC = NO;
				GCC_NO_COMMON_BLOCKS = YES;
				GCC_OPTIMIZATION_LEVEL = 0;
				GCC_PREPROCESSOR_DEFINITIONS = (
					"DEBUG=1",
					"$(inherited)",
				);
				GCC_WARN_64_TO_32_BIT_CONVERSION = YES;
				GCC_WARN_ABOUT_RETURN_TYPE = YES_ERROR;
				GCC_WARN_UNDECLARED_SELECTOR = YES;
				GCC_WARN_UNINITIALIZED_AUTOS = YES_AGGRESSIVE;
				GCC_WARN_UNUSED_FUNCTION = YES;
				GCC_WARN_UNUSED_VARIABLE = YES;
				IPHONEOS_DEPLOYMENT_TARGET = 16.1;
				MTL_ENABLE_DEBUG_INFO = INCLUDE_SOURCE;
				MTL_FAST_MATH = YES;
				ONLY_ACTIVE_ARCH = YES;
				SDKROOT = iphoneos;
				SWIFT_ACTIVE_COMPILATION_CONDITIONS = DEBUG;
				SWIFT_OPTIMIZATION_LEVEL = "-Onone";
			};
			name = Debug;
		};
		E6CB61C1292B82030097D928 /* Release */ = {
			isa = XCBuildConfiguration;
			buildSettings = {
				ALWAYS_SEARCH_USER_PATHS = NO;
				CLANG_ANALYZER_NONNULL = YES;
				CLANG_ANALYZER_NUMBER_OBJECT_CONVERSION = YES_AGGRESSIVE;
				CLANG_CXX_LANGUAGE_STANDARD = "gnu++20";
				CLANG_ENABLE_MODULES = YES;
				CLANG_ENABLE_OBJC_ARC = YES;
				CLANG_ENABLE_OBJC_WEAK = YES;
				CLANG_WARN_BLOCK_CAPTURE_AUTORELEASING = YES;
				CLANG_WARN_BOOL_CONVERSION = YES;
				CLANG_WARN_COMMA = YES;
				CLANG_WARN_CONSTANT_CONVERSION = YES;
				CLANG_WARN_DEPRECATED_OBJC_IMPLEMENTATIONS = YES;
				CLANG_WARN_DIRECT_OBJC_ISA_USAGE = YES_ERROR;
				CLANG_WARN_DOCUMENTATION_COMMENTS = YES;
				CLANG_WARN_EMPTY_BODY = YES;
				CLANG_WARN_ENUM_CONVERSION = YES;
				CLANG_WARN_INFINITE_RECURSION = YES;
				CLANG_WARN_INT_CONVERSION = YES;
				CLANG_WARN_NON_LITERAL_NULL_CONVERSION = YES;
				CLANG_WARN_OBJC_IMPLICIT_RETAIN_SELF = YES;
				CLANG_WARN_OBJC_LITERAL_CONVERSION = YES;
				CLANG_WARN_OBJC_ROOT_CLASS = YES_ERROR;
				CLANG_WARN_QUOTED_INCLUDE_IN_FRAMEWORK_HEADER = YES;
				CLANG_WARN_RANGE_LOOP_ANALYSIS = YES;
				CLANG_WARN_STRICT_PROTOTYPES = YES;
				CLANG_WARN_SUSPICIOUS_MOVE = YES;
				CLANG_WARN_UNGUARDED_AVAILABILITY = YES_AGGRESSIVE;
				CLANG_WARN_UNREACHABLE_CODE = YES;
				CLANG_WARN__DUPLICATE_METHOD_MATCH = YES;
				COPY_PHASE_STRIP = NO;
				DEBUG_INFORMATION_FORMAT = "dwarf-with-dsym";
				ENABLE_NS_ASSERTIONS = NO;
				ENABLE_STRICT_OBJC_MSGSEND = YES;
				GCC_C_LANGUAGE_STANDARD = gnu11;
				GCC_NO_COMMON_BLOCKS = YES;
				GCC_WARN_64_TO_32_BIT_CONVERSION = YES;
				GCC_WARN_ABOUT_RETURN_TYPE = YES_ERROR;
				GCC_WARN_UNDECLARED_SELECTOR = YES;
				GCC_WARN_UNINITIALIZED_AUTOS = YES_AGGRESSIVE;
				GCC_WARN_UNUSED_FUNCTION = YES;
				GCC_WARN_UNUSED_VARIABLE = YES;
				IPHONEOS_DEPLOYMENT_TARGET = 16.1;
				MTL_ENABLE_DEBUG_INFO = NO;
				MTL_FAST_MATH = YES;
				SDKROOT = iphoneos;
				SWIFT_COMPILATION_MODE = wholemodule;
				SWIFT_OPTIMIZATION_LEVEL = "-O";
				VALIDATE_PRODUCT = YES;
			};
			name = Release;
		};
		E6CB61C3292B82030097D928 /* Debug */ = {
			isa = XCBuildConfiguration;
			buildSettings = {
				ASSETCATALOG_COMPILER_APPICON_NAME = AppIcon;
				ASSETCATALOG_COMPILER_GLOBAL_ACCENT_COLOR_NAME = AccentColor;
				CODE_SIGN_STYLE = Automatic;
				CURRENT_PROJECT_VERSION = 1;
				DEVELOPMENT_TEAM = H5QVB3WQM5;
				GENERATE_INFOPLIST_FILE = YES;
				INFOPLIST_FILE = AppleCalendar/Info.plist;
				INFOPLIST_KEY_UIApplicationSupportsIndirectInputEvents = YES;
				INFOPLIST_KEY_UILaunchStoryboardName = LaunchScreen;
				INFOPLIST_KEY_UISupportedInterfaceOrientations_iPad = "UIInterfaceOrientationPortrait UIInterfaceOrientationPortraitUpsideDown UIInterfaceOrientationLandscapeLeft UIInterfaceOrientationLandscapeRight";
				INFOPLIST_KEY_UISupportedInterfaceOrientations_iPhone = "UIInterfaceOrientationPortrait UIInterfaceOrientationLandscapeLeft UIInterfaceOrientationLandscapeRight";
				LD_RUNPATH_SEARCH_PATHS = (
					"$(inherited)",
					"@executable_path/Frameworks",
				);
				MARKETING_VERSION = 1.0;
				PRODUCT_BUNDLE_IDENTIFIER = anhlh.AppleCalendar;
				PRODUCT_NAME = "$(TARGET_NAME)";
				SWIFT_EMIT_LOC_STRINGS = YES;
				SWIFT_VERSION = 5.0;
				TARGETED_DEVICE_FAMILY = "1,2";
			};
			name = Debug;
		};
		E6CB61C4292B82030097D928 /* Release */ = {
			isa = XCBuildConfiguration;
			buildSettings = {
				ASSETCATALOG_COMPILER_APPICON_NAME = AppIcon;
				ASSETCATALOG_COMPILER_GLOBAL_ACCENT_COLOR_NAME = AccentColor;
				CODE_SIGN_STYLE = Automatic;
				CURRENT_PROJECT_VERSION = 1;
				DEVELOPMENT_TEAM = H5QVB3WQM5;
				GENERATE_INFOPLIST_FILE = YES;
				INFOPLIST_FILE = AppleCalendar/Info.plist;
				INFOPLIST_KEY_UIApplicationSupportsIndirectInputEvents = YES;
				INFOPLIST_KEY_UILaunchStoryboardName = LaunchScreen;
				INFOPLIST_KEY_UISupportedInterfaceOrientations_iPad = "UIInterfaceOrientationPortrait UIInterfaceOrientationPortraitUpsideDown UIInterfaceOrientationLandscapeLeft UIInterfaceOrientationLandscapeRight";
				INFOPLIST_KEY_UISupportedInterfaceOrientations_iPhone = "UIInterfaceOrientationPortrait UIInterfaceOrientationLandscapeLeft UIInterfaceOrientationLandscapeRight";
				LD_RUNPATH_SEARCH_PATHS = (
					"$(inherited)",
					"@executable_path/Frameworks",
				);
				MARKETING_VERSION = 1.0;
				PRODUCT_BUNDLE_IDENTIFIER = anhlh.AppleCalendar;
				PRODUCT_NAME = "$(TARGET_NAME)";
				SWIFT_EMIT_LOC_STRINGS = YES;
				SWIFT_VERSION = 5.0;
				TARGETED_DEVICE_FAMILY = "1,2";
			};
			name = Release;
		};
/* End XCBuildConfiguration section */

/* Begin XCConfigurationList section */
		E6CB61A9292B82020097D928 /* Build configuration list for PBXProject "AppleCalendar" */ = {
			isa = XCConfigurationList;
			buildConfigurations = (
				E6CB61C0292B82030097D928 /* Debug */,
				E6CB61C1292B82030097D928 /* Release */,
			);
			defaultConfigurationIsVisible = 0;
			defaultConfigurationName = Release;
		};
		E6CB61C2292B82030097D928 /* Build configuration list for PBXNativeTarget "AppleCalendar" */ = {
			isa = XCConfigurationList;
			buildConfigurations = (
				E6CB61C3292B82030097D928 /* Debug */,
				E6CB61C4292B82030097D928 /* Release */,
			);
			defaultConfigurationIsVisible = 0;
			defaultConfigurationName = Release;
		};
/* End XCConfigurationList section */

/* Begin XCRemoteSwiftPackageReference section */
		E6CB61C7292B83150097D928 /* XCRemoteSwiftPackageReference "Anchorage" */ = {
			isa = XCRemoteSwiftPackageReference;
			repositoryURL = "https://github.com/Rightpoint/Anchorage";
			requirement = {
				kind = upToNextMajorVersion;
				minimumVersion = 4.0.0;
			};
		};
/* End XCRemoteSwiftPackageReference section */

/* Begin XCSwiftPackageProductDependency section */
		E6CB61C8292B83150097D928 /* Anchorage */ = {
			isa = XCSwiftPackageProductDependency;
			package = E6CB61C7292B83150097D928 /* XCRemoteSwiftPackageReference "Anchorage" */;
			productName = Anchorage;
		};
/* End XCSwiftPackageProductDependency section */
	};
	rootObject = E6CB61A6292B82020097D928 /* Project object */;
}
